// !$*UTF8*$!
{
	archiveVersion = 1;
	classes = {
	};
	objectVersion = 48;
	objects = {

/* Begin PBXBuildFile section */
		9A0FE0D01F7E46CA0003D16C /* rootControllerSelectTools.m in Sources */ = {isa = PBXBuildFile; fileRef = 9A0FE0CF1F7E46CA0003D16C /* rootControllerSelectTools.m */; };
		9A0FE0D41F7E4A8B0003D16C /* startViewController.m in Sources */ = {isa = PBXBuildFile; fileRef = 9A0FE0D21F7E4A8B0003D16C /* startViewController.m */; };
		9A0FE0D51F7E4A8B0003D16C /* startViewController.xib in Resources */ = {isa = PBXBuildFile; fileRef = 9A0FE0D31F7E4A8B0003D16C /* startViewController.xib */; };
		9A0FE0D81F7E4B040003D16C /* AccountManager.m in Sources */ = {isa = PBXBuildFile; fileRef = 9A0FE0D71F7E4B040003D16C /* AccountManager.m */; };
		9A0FE0DC1F7E4B670003D16C /* accountModel.m in Sources */ = {isa = PBXBuildFile; fileRef = 9A0FE0DB1F7E4B670003D16C /* accountModel.m */; };
		9A13704B1F7CD11F005A3FFC /* AppDelegate.m in Sources */ = {isa = PBXBuildFile; fileRef = 9A13704A1F7CD11F005A3FFC /* AppDelegate.m */; };
		9A1370511F7CD11F005A3FFC /* Main.storyboard in Resources */ = {isa = PBXBuildFile; fileRef = 9A13704F1F7CD11F005A3FFC /* Main.storyboard */; };
		9A1370531F7CD11F005A3FFC /* Assets.xcassets in Resources */ = {isa = PBXBuildFile; fileRef = 9A1370521F7CD11F005A3FFC /* Assets.xcassets */; };
		9A1370561F7CD11F005A3FFC /* LaunchScreen.storyboard in Resources */ = {isa = PBXBuildFile; fileRef = 9A1370541F7CD11F005A3FFC /* LaunchScreen.storyboard */; };
		9A1370591F7CD11F005A3FFC /* main.m in Sources */ = {isa = PBXBuildFile; fileRef = 9A1370581F7CD11F005A3FFC /* main.m */; };
		9AF81D361F7D2CD4000CB5F3 /* RootTabbarController.m in Sources */ = {isa = PBXBuildFile; fileRef = 9AF81D351F7D2CD4000CB5F3 /* RootTabbarController.m */; };
		9AF81D391F7D2CF1000CB5F3 /* RootNavigationController.m in Sources */ = {isa = PBXBuildFile; fileRef = 9AF81D381F7D2CF1000CB5F3 /* RootNavigationController.m */; };
		9AF81D3C1F7D2FA5000CB5F3 /* mineBeastViewController.m in Sources */ = {isa = PBXBuildFile; fileRef = 9AF81D3B1F7D2FA5000CB5F3 /* mineBeastViewController.m */; };
		9AF81D3F1F7D2FCE000CB5F3 /* mineViewController.m in Sources */ = {isa = PBXBuildFile; fileRef = 9AF81D3E1F7D2FCE000CB5F3 /* mineViewController.m */; };
		9AF81D421F7D2FF3000CB5F3 /* mainBaseViewController.m in Sources */ = {isa = PBXBuildFile; fileRef = 9AF81D411F7D2FF3000CB5F3 /* mainBaseViewController.m */; };
		9AF81D451F7D3190000CB5F3 /* IMBaseViewController.m in Sources */ = {isa = PBXBuildFile; fileRef = 9AF81D441F7D3190000CB5F3 /* IMBaseViewController.m */; };
		9AF81D481F7D46AB000CB5F3 /* mainViewController.m in Sources */ = {isa = PBXBuildFile; fileRef = 9AF81D471F7D46AB000CB5F3 /* mainViewController.m */; };
		9AF81D4B1F7D46C2000CB5F3 /* IMViewController.m in Sources */ = {isa = PBXBuildFile; fileRef = 9AF81D4A1F7D46C2000CB5F3 /* IMViewController.m */; };
		9AF81D4E1F7D46E9000CB5F3 /* findBaseViewController.m in Sources */ = {isa = PBXBuildFile; fileRef = 9AF81D4D1F7D46E9000CB5F3 /* findBaseViewController.m */; };
		9AF81D511F7D470C000CB5F3 /* findViewController.m in Sources */ = {isa = PBXBuildFile; fileRef = 9AF81D501F7D470C000CB5F3 /* findViewController.m */; };
		9AF81D541F7D473C000CB5F3 /* circleBaseViewController.m in Sources */ = {isa = PBXBuildFile; fileRef = 9AF81D531F7D473C000CB5F3 /* circleBaseViewController.m */; };
		9AF81D571F7D4786000CB5F3 /* circleViewController.m in Sources */ = {isa = PBXBuildFile; fileRef = 9AF81D561F7D4786000CB5F3 /* circleViewController.m */; };
		AC7B4428BFC81BEFA236BEBD /* libPods-Needer.a in Frameworks */ = {isa = PBXBuildFile; fileRef = A231F7F8F86C4403213313DE /* libPods-Needer.a */; };
/* End PBXBuildFile section */

/* Begin PBXFileReference section */
		586E86FA3C949BA1E9D0D6C7 /* Pods-Needer.release.xcconfig */ = {isa = PBXFileReference; includeInIndex = 1; lastKnownFileType = text.xcconfig; name = "Pods-Needer.release.xcconfig"; path = "Pods/Target Support Files/Pods-Needer/Pods-Needer.release.xcconfig"; sourceTree = "<group>"; };
		9A0FE0CE1F7E46CA0003D16C /* rootControllerSelectTools.h */ = {isa = PBXFileReference; lastKnownFileType = sourcecode.c.h; path = rootControllerSelectTools.h; sourceTree = "<group>"; };
		9A0FE0CF1F7E46CA0003D16C /* rootControllerSelectTools.m */ = {isa = PBXFileReference; lastKnownFileType = sourcecode.c.objc; path = rootControllerSelectTools.m; sourceTree = "<group>"; };
		9A0FE0D11F7E4A8B0003D16C /* startViewController.h */ = {isa = PBXFileReference; lastKnownFileType = sourcecode.c.h; path = startViewController.h; sourceTree = "<group>"; };
		9A0FE0D21F7E4A8B0003D16C /* startViewController.m */ = {isa = PBXFileReference; lastKnownFileType = sourcecode.c.objc; path = startViewController.m; sourceTree = "<group>"; };
		9A0FE0D31F7E4A8B0003D16C /* startViewController.xib */ = {isa = PBXFileReference; lastKnownFileType = file.xib; path = startViewController.xib; sourceTree = "<group>"; };
		9A0FE0D61F7E4B040003D16C /* AccountManager.h */ = {isa = PBXFileReference; lastKnownFileType = sourcecode.c.h; path = AccountManager.h; sourceTree = "<group>"; };
		9A0FE0D71F7E4B040003D16C /* AccountManager.m */ = {isa = PBXFileReference; lastKnownFileType = sourcecode.c.objc; path = AccountManager.m; sourceTree = "<group>"; };
		9A0FE0DA1F7E4B670003D16C /* accountModel.h */ = {isa = PBXFileReference; lastKnownFileType = sourcecode.c.h; path = accountModel.h; sourceTree = "<group>"; };
		9A0FE0DB1F7E4B670003D16C /* accountModel.m */ = {isa = PBXFileReference; lastKnownFileType = sourcecode.c.objc; path = accountModel.m; sourceTree = "<group>"; };
		9A0FE0DD1F7E4BCB0003D16C /* Constant.h */ = {isa = PBXFileReference; lastKnownFileType = sourcecode.c.h; path = Constant.h; sourceTree = "<group>"; };
		9A0FE0DE1F7E4BE70003D16C /* Constant_color.h */ = {isa = PBXFileReference; lastKnownFileType = sourcecode.c.h; path = Constant_color.h; sourceTree = "<group>"; };
		9A0FE0DF1F7E4BFB0003D16C /* Constant_category.h */ = {isa = PBXFileReference; lastKnownFileType = sourcecode.c.h; path = Constant_category.h; sourceTree = "<group>"; };
		9A0FE0E01F7E4C0E0003D16C /* Constant_Macro.h */ = {isa = PBXFileReference; lastKnownFileType = sourcecode.c.h; path = Constant_Macro.h; sourceTree = "<group>"; };
		9A0FE0E11F7E4F2B0003D16C /* UIBarButtonItem+Extention.h */ = {isa = PBXFileReference; lastKnownFileType = sourcecode.c.h; path = "UIBarButtonItem+Extention.h"; sourceTree = "<group>"; };
		9A0FE0E21F7E4F2B0003D16C /* UIView+Extention.m */ = {isa = PBXFileReference; lastKnownFileType = sourcecode.c.objc; path = "UIView+Extention.m"; sourceTree = "<group>"; };
		9A0FE0E31F7E4F2B0003D16C /* UIView+Extention.h */ = {isa = PBXFileReference; lastKnownFileType = sourcecode.c.h; path = "UIView+Extention.h"; sourceTree = "<group>"; };
		9A0FE0E41F7E4F2C0003D16C /* UIBarButtonItem+Extention.m */ = {isa = PBXFileReference; lastKnownFileType = sourcecode.c.objc; path = "UIBarButtonItem+Extention.m"; sourceTree = "<group>"; };
		9A1370461F7CD11F005A3FFC /* Needer.app */ = {isa = PBXFileReference; explicitFileType = wrapper.application; includeInIndex = 0; path = Needer.app; sourceTree = BUILT_PRODUCTS_DIR; };
		9A1370491F7CD11F005A3FFC /* AppDelegate.h */ = {isa = PBXFileReference; lastKnownFileType = sourcecode.c.h; path = AppDelegate.h; sourceTree = "<group>"; };
		9A13704A1F7CD11F005A3FFC /* AppDelegate.m */ = {isa = PBXFileReference; lastKnownFileType = sourcecode.c.objc; path = AppDelegate.m; sourceTree = "<group>"; };
		9A1370501F7CD11F005A3FFC /* Base */ = {isa = PBXFileReference; lastKnownFileType = file.storyboard; name = Base; path = Base.lproj/Main.storyboard; sourceTree = "<group>"; };
		9A1370521F7CD11F005A3FFC /* Assets.xcassets */ = {isa = PBXFileReference; lastKnownFileType = folder.assetcatalog; path = Assets.xcassets; sourceTree = "<group>"; };
		9A1370551F7CD11F005A3FFC /* Base */ = {isa = PBXFileReference; lastKnownFileType = file.storyboard; name = Base; path = Base.lproj/LaunchScreen.storyboard; sourceTree = "<group>"; };
		9A1370571F7CD11F005A3FFC /* Info.plist */ = {isa = PBXFileReference; lastKnownFileType = text.plist.xml; path = Info.plist; sourceTree = "<group>"; };
		9A1370581F7CD11F005A3FFC /* main.m */ = {isa = PBXFileReference; lastKnownFileType = sourcecode.c.objc; path = main.m; sourceTree = "<group>"; };
		9AF81D341F7D2CD4000CB5F3 /* RootTabbarController.h */ = {isa = PBXFileReference; lastKnownFileType = sourcecode.c.h; path = RootTabbarController.h; sourceTree = "<group>"; };
		9AF81D351F7D2CD4000CB5F3 /* RootTabbarController.m */ = {isa = PBXFileReference; lastKnownFileType = sourcecode.c.objc; path = RootTabbarController.m; sourceTree = "<group>"; };
		9AF81D371F7D2CF1000CB5F3 /* RootNavigationController.h */ = {isa = PBXFileReference; lastKnownFileType = sourcecode.c.h; path = RootNavigationController.h; sourceTree = "<group>"; };
		9AF81D381F7D2CF1000CB5F3 /* RootNavigationController.m */ = {isa = PBXFileReference; lastKnownFileType = sourcecode.c.objc; path = RootNavigationController.m; sourceTree = "<group>"; };
		9AF81D3A1F7D2FA5000CB5F3 /* mineBaseViewController.h */ = {isa = PBXFileReference; lastKnownFileType = sourcecode.c.h; path = mineBaseViewController.h; sourceTree = "<group>"; };
		9AF81D3B1F7D2FA5000CB5F3 /* mineBeastViewController.m */ = {isa = PBXFileReference; lastKnownFileType = sourcecode.c.objc; path = mineBeastViewController.m; sourceTree = "<group>"; };
		9AF81D3D1F7D2FCE000CB5F3 /* mineViewController.h */ = {isa = PBXFileReference; lastKnownFileType = sourcecode.c.h; path = mineViewController.h; sourceTree = "<group>"; };
		9AF81D3E1F7D2FCE000CB5F3 /* mineViewController.m */ = {isa = PBXFileReference; lastKnownFileType = sourcecode.c.objc; path = mineViewController.m; sourceTree = "<group>"; };
		9AF81D401F7D2FF3000CB5F3 /* mainBaseViewController.h */ = {isa = PBXFileReference; lastKnownFileType = sourcecode.c.h; path = mainBaseViewController.h; sourceTree = "<group>"; };
		9AF81D411F7D2FF3000CB5F3 /* mainBaseViewController.m */ = {isa = PBXFileReference; lastKnownFileType = sourcecode.c.objc; path = mainBaseViewController.m; sourceTree = "<group>"; };
		9AF81D431F7D3190000CB5F3 /* IMBaseViewController.h */ = {isa = PBXFileReference; lastKnownFileType = sourcecode.c.h; path = IMBaseViewController.h; sourceTree = "<group>"; };
		9AF81D441F7D3190000CB5F3 /* IMBaseViewController.m */ = {isa = PBXFileReference; lastKnownFileType = sourcecode.c.objc; path = IMBaseViewController.m; sourceTree = "<group>"; };
		9AF81D461F7D46AB000CB5F3 /* mainViewController.h */ = {isa = PBXFileReference; lastKnownFileType = sourcecode.c.h; path = mainViewController.h; sourceTree = "<group>"; };
		9AF81D471F7D46AB000CB5F3 /* mainViewController.m */ = {isa = PBXFileReference; lastKnownFileType = sourcecode.c.objc; path = mainViewController.m; sourceTree = "<group>"; };
		9AF81D491F7D46C2000CB5F3 /* IMViewController.h */ = {isa = PBXFileReference; lastKnownFileType = sourcecode.c.h; path = IMViewController.h; sourceTree = "<group>"; };
		9AF81D4A1F7D46C2000CB5F3 /* IMViewController.m */ = {isa = PBXFileReference; lastKnownFileType = sourcecode.c.objc; path = IMViewController.m; sourceTree = "<group>"; };
		9AF81D4C1F7D46E9000CB5F3 /* findBaseViewController.h */ = {isa = PBXFileReference; lastKnownFileType = sourcecode.c.h; path = findBaseViewController.h; sourceTree = "<group>"; };
		9AF81D4D1F7D46E9000CB5F3 /* findBaseViewController.m */ = {isa = PBXFileReference; lastKnownFileType = sourcecode.c.objc; path = findBaseViewController.m; sourceTree = "<group>"; };
		9AF81D4F1F7D470C000CB5F3 /* findViewController.h */ = {isa = PBXFileReference; lastKnownFileType = sourcecode.c.h; path = findViewController.h; sourceTree = "<group>"; };
		9AF81D501F7D470C000CB5F3 /* findViewController.m */ = {isa = PBXFileReference; lastKnownFileType = sourcecode.c.objc; path = findViewController.m; sourceTree = "<group>"; };
		9AF81D521F7D473C000CB5F3 /* circleBaseViewController.h */ = {isa = PBXFileReference; lastKnownFileType = sourcecode.c.h; path = circleBaseViewController.h; sourceTree = "<group>"; };
		9AF81D531F7D473C000CB5F3 /* circleBaseViewController.m */ = {isa = PBXFileReference; lastKnownFileType = sourcecode.c.objc; path = circleBaseViewController.m; sourceTree = "<group>"; };
		9AF81D551F7D4786000CB5F3 /* circleViewController.h */ = {isa = PBXFileReference; lastKnownFileType = sourcecode.c.h; path = circleViewController.h; sourceTree = "<group>"; };
		9AF81D561F7D4786000CB5F3 /* circleViewController.m */ = {isa = PBXFileReference; lastKnownFileType = sourcecode.c.objc; path = circleViewController.m; sourceTree = "<group>"; };
		A18E02F56EE9B1557E02F729 /* Pods-Needer.debug.xcconfig */ = {isa = PBXFileReference; includeInIndex = 1; lastKnownFileType = text.xcconfig; name = "Pods-Needer.debug.xcconfig"; path = "Pods/Target Support Files/Pods-Needer/Pods-Needer.debug.xcconfig"; sourceTree = "<group>"; };
		A231F7F8F86C4403213313DE /* libPods-Needer.a */ = {isa = PBXFileReference; explicitFileType = archive.ar; includeInIndex = 0; path = "libPods-Needer.a"; sourceTree = BUILT_PRODUCTS_DIR; };
/* End PBXFileReference section */

/* Begin PBXFrameworksBuildPhase section */
		9A1370431F7CD11F005A3FFC /* Frameworks */ = {
			isa = PBXFrameworksBuildPhase;
			buildActionMask = 2147483647;
			files = (
				AC7B4428BFC81BEFA236BEBD /* libPods-Needer.a in Frameworks */,
			);
			runOnlyForDeploymentPostprocessing = 0;
		};
/* End PBXFrameworksBuildPhase section */

/* Begin PBXGroup section */
		9A0FE0D91F7E4B4C0003D16C /* Model */ = {
			isa = PBXGroup;
			children = (
				9A0FE0DA1F7E4B670003D16C /* accountModel.h */,
				9A0FE0DB1F7E4B670003D16C /* accountModel.m */,
			);
			path = Model;
			sourceTree = "<group>";
		};
		9A13703D1F7CD11F005A3FFC = {
			isa = PBXGroup;
			children = (
				9A1370481F7CD11F005A3FFC /* Needer */,
				9A1370471F7CD11F005A3FFC /* Products */,
				D7464A7CD4174528DE65D434 /* Pods */,
				EE8D8C5A2690C8BE6753D234 /* Frameworks */,
			);
			sourceTree = "<group>";
		};
		9A1370471F7CD11F005A3FFC /* Products */ = {
			isa = PBXGroup;
			children = (
				9A1370461F7CD11F005A3FFC /* Needer.app */,
			);
			name = Products;
			sourceTree = "<group>";
		};
		9A1370481F7CD11F005A3FFC /* Needer */ = {
			isa = PBXGroup;
			children = (
				9A13706A1F7CD432005A3FFC /* Circle */,
				9A13707A1F7CD432005A3FFC /* Finder */,
				9A1370701F7CD432005A3FFC /* IMPage */,
				9A13707F1F7CD432005A3FFC /* Library */,
				9A13706F1F7CD432005A3FFC /* LoginAndRegister */,
				9A1370651F7CD432005A3FFC /* MainPage */,
				9A1370751F7CD432005A3FFC /* Mine */,
				9A13705F1F7CD432005A3FFC /* Other */,
				9A1370491F7CD11F005A3FFC /* AppDelegate.h */,
				9A13704A1F7CD11F005A3FFC /* AppDelegate.m */,
				9A13704F1F7CD11F005A3FFC /* Main.storyboard */,
				9A1370521F7CD11F005A3FFC /* Assets.xcassets */,
				9A1370541F7CD11F005A3FFC /* LaunchScreen.storyboard */,
				9A1370571F7CD11F005A3FFC /* Info.plist */,
				9A1370581F7CD11F005A3FFC /* main.m */,
			);
			path = Needer;
			sourceTree = "<group>";
		};
		9A13705F1F7CD432005A3FFC /* Other */ = {
			isa = PBXGroup;
			children = (
				9A0FE0D91F7E4B4C0003D16C /* Model */,
				9A1370601F7CD432005A3FFC /* Category */,
				9A1370611F7CD432005A3FFC /* Constant */,
				9A1370621F7CD432005A3FFC /* ConstText */,
				9A1370631F7CD432005A3FFC /* RootController */,
				9A1370641F7CD432005A3FFC /* Tools */,
			);
			path = Other;
			sourceTree = "<group>";
		};
		9A1370601F7CD432005A3FFC /* Category */ = {
			isa = PBXGroup;
			children = (
				9A0FE0E11F7E4F2B0003D16C /* UIBarButtonItem+Extention.h */,
				9A0FE0E41F7E4F2C0003D16C /* UIBarButtonItem+Extention.m */,
				9A0FE0E31F7E4F2B0003D16C /* UIView+Extention.h */,
				9A0FE0E21F7E4F2B0003D16C /* UIView+Extention.m */,
			);
			path = Category;
			sourceTree = "<group>";
		};
		9A1370611F7CD432005A3FFC /* Constant */ = {
			isa = PBXGroup;
			children = (
				9A0FE0DD1F7E4BCB0003D16C /* Constant.h */,
				9A0FE0DE1F7E4BE70003D16C /* Constant_color.h */,
				9A0FE0DF1F7E4BFB0003D16C /* Constant_category.h */,
				9A0FE0E01F7E4C0E0003D16C /* Constant_Macro.h */,
			);
			path = Constant;
			sourceTree = "<group>";
		};
		9A1370621F7CD432005A3FFC /* ConstText */ = {
			isa = PBXGroup;
			children = (
			);
			path = ConstText;
			sourceTree = "<group>";
		};
		9A1370631F7CD432005A3FFC /* RootController */ = {
			isa = PBXGroup;
			children = (
				9AF81D341F7D2CD4000CB5F3 /* RootTabbarController.h */,
				9AF81D351F7D2CD4000CB5F3 /* RootTabbarController.m */,
				9AF81D371F7D2CF1000CB5F3 /* RootNavigationController.h */,
				9AF81D381F7D2CF1000CB5F3 /* RootNavigationController.m */,
				9A0FE0D11F7E4A8B0003D16C /* startViewController.h */,
				9A0FE0D21F7E4A8B0003D16C /* startViewController.m */,
				9A0FE0D31F7E4A8B0003D16C /* startViewController.xib */,
			);
			path = RootController;
			sourceTree = "<group>";
		};
		9A1370641F7CD432005A3FFC /* Tools */ = {
			isa = PBXGroup;
			children = (
				9A0FE0CE1F7E46CA0003D16C /* rootControllerSelectTools.h */,
				9A0FE0CF1F7E46CA0003D16C /* rootControllerSelectTools.m */,
				9A0FE0D61F7E4B040003D16C /* AccountManager.h */,
				9A0FE0D71F7E4B040003D16C /* AccountManager.m */,
			);
			path = Tools;
			sourceTree = "<group>";
		};
		9A1370651F7CD432005A3FFC /* MainPage */ = {
			isa = PBXGroup;
			children = (
				9A1370661F7CD432005A3FFC /* controller */,
				9A1370671F7CD432005A3FFC /* model */,
				9A1370681F7CD432005A3FFC /* other */,
				9A1370691F7CD432005A3FFC /* view */,
			);
			path = MainPage;
			sourceTree = "<group>";
		};
		9A1370661F7CD432005A3FFC /* controller */ = {
			isa = PBXGroup;
			children = (
				9AF81D401F7D2FF3000CB5F3 /* mainBaseViewController.h */,
				9AF81D411F7D2FF3000CB5F3 /* mainBaseViewController.m */,
				9AF81D461F7D46AB000CB5F3 /* mainViewController.h */,
				9AF81D471F7D46AB000CB5F3 /* mainViewController.m */,
			);
			path = controller;
			sourceTree = "<group>";
		};
		9A1370671F7CD432005A3FFC /* model */ = {
			isa = PBXGroup;
			children = (
			);
			path = model;
			sourceTree = "<group>";
		};
		9A1370681F7CD432005A3FFC /* other */ = {
			isa = PBXGroup;
			children = (
			);
			path = other;
			sourceTree = "<group>";
		};
		9A1370691F7CD432005A3FFC /* view */ = {
			isa = PBXGroup;
			children = (
			);
			path = view;
			sourceTree = "<group>";
		};
		9A13706A1F7CD432005A3FFC /* Circle */ = {
			isa = PBXGroup;
			children = (
				9A13706B1F7CD432005A3FFC /* controller */,
				9A13706C1F7CD432005A3FFC /* model */,
				9A13706D1F7CD432005A3FFC /* other */,
				9A13706E1F7CD432005A3FFC /* view */,
			);
			path = Circle;
			sourceTree = "<group>";
		};
		9A13706B1F7CD432005A3FFC /* controller */ = {
			isa = PBXGroup;
			children = (
				9AF81D521F7D473C000CB5F3 /* circleBaseViewController.h */,
				9AF81D531F7D473C000CB5F3 /* circleBaseViewController.m */,
				9AF81D551F7D4786000CB5F3 /* circleViewController.h */,
				9AF81D561F7D4786000CB5F3 /* circleViewController.m */,
			);
			path = controller;
			sourceTree = "<group>";
		};
		9A13706C1F7CD432005A3FFC /* model */ = {
			isa = PBXGroup;
			children = (
			);
			path = model;
			sourceTree = "<group>";
		};
		9A13706D1F7CD432005A3FFC /* other */ = {
			isa = PBXGroup;
			children = (
			);
			path = other;
			sourceTree = "<group>";
		};
		9A13706E1F7CD432005A3FFC /* view */ = {
			isa = PBXGroup;
			children = (
			);
			path = view;
			sourceTree = "<group>";
		};
		9A13706F1F7CD432005A3FFC /* LoginAndRegister */ = {
			isa = PBXGroup;
			children = (
			);
			path = LoginAndRegister;
			sourceTree = "<group>";
		};
		9A1370701F7CD432005A3FFC /* IMPage */ = {
			isa = PBXGroup;
			children = (
				9A1370711F7CD432005A3FFC /* controller */,
				9A1370721F7CD432005A3FFC /* model */,
				9A1370731F7CD432005A3FFC /* other */,
				9A1370741F7CD432005A3FFC /* view */,
			);
			path = IMPage;
			sourceTree = "<group>";
		};
		9A1370711F7CD432005A3FFC /* controller */ = {
			isa = PBXGroup;
			children = (
				9AF81D431F7D3190000CB5F3 /* IMBaseViewController.h */,
				9AF81D441F7D3190000CB5F3 /* IMBaseViewController.m */,
				9AF81D491F7D46C2000CB5F3 /* IMViewController.h */,
				9AF81D4A1F7D46C2000CB5F3 /* IMViewController.m */,
			);
			path = controller;
			sourceTree = "<group>";
		};
		9A1370721F7CD432005A3FFC /* model */ = {
			isa = PBXGroup;
			children = (
			);
			path = model;
			sourceTree = "<group>";
		};
		9A1370731F7CD432005A3FFC /* other */ = {
			isa = PBXGroup;
			children = (
			);
			path = other;
			sourceTree = "<group>";
		};
		9A1370741F7CD432005A3FFC /* view */ = {
			isa = PBXGroup;
			children = (
			);
			path = view;
			sourceTree = "<group>";
		};
		9A1370751F7CD432005A3FFC /* Mine */ = {
			isa = PBXGroup;
			children = (
				9A1370761F7CD432005A3FFC /* controller */,
				9A1370771F7CD432005A3FFC /* model */,
				9A1370781F7CD432005A3FFC /* other */,
				9A1370791F7CD432005A3FFC /* view */,
			);
			path = Mine;
			sourceTree = "<group>";
		};
		9A1370761F7CD432005A3FFC /* controller */ = {
			isa = PBXGroup;
			children = (
				9AF81D3A1F7D2FA5000CB5F3 /* mineBaseViewController.h */,
				9AF81D3B1F7D2FA5000CB5F3 /* mineBeastViewController.m */,
				9AF81D3D1F7D2FCE000CB5F3 /* mineViewController.h */,
				9AF81D3E1F7D2FCE000CB5F3 /* mineViewController.m */,
			);
			path = controller;
			sourceTree = "<group>";
		};
		9A1370771F7CD432005A3FFC /* model */ = {
			isa = PBXGroup;
			children = (
			);
			path = model;
			sourceTree = "<group>";
		};
		9A1370781F7CD432005A3FFC /* other */ = {
			isa = PBXGroup;
			children = (
			);
			path = other;
			sourceTree = "<group>";
		};
		9A1370791F7CD432005A3FFC /* view */ = {
			isa = PBXGroup;
			children = (
			);
			path = view;
			sourceTree = "<group>";
		};
		9A13707A1F7CD432005A3FFC /* Finder */ = {
			isa = PBXGroup;
			children = (
				9A13707B1F7CD432005A3FFC /* controller */,
				9A13707C1F7CD432005A3FFC /* model */,
				9A13707D1F7CD432005A3FFC /* other */,
				9A13707E1F7CD432005A3FFC /* view */,
			);
			path = Finder;
			sourceTree = "<group>";
		};
		9A13707B1F7CD432005A3FFC /* controller */ = {
			isa = PBXGroup;
			children = (
				9AF81D4C1F7D46E9000CB5F3 /* findBaseViewController.h */,
				9AF81D4D1F7D46E9000CB5F3 /* findBaseViewController.m */,
				9AF81D4F1F7D470C000CB5F3 /* findViewController.h */,
				9AF81D501F7D470C000CB5F3 /* findViewController.m */,
			);
			path = controller;
			sourceTree = "<group>";
		};
		9A13707C1F7CD432005A3FFC /* model */ = {
			isa = PBXGroup;
			children = (
			);
			path = model;
			sourceTree = "<group>";
		};
		9A13707D1F7CD432005A3FFC /* other */ = {
			isa = PBXGroup;
			children = (
			);
			path = other;
			sourceTree = "<group>";
		};
		9A13707E1F7CD432005A3FFC /* view */ = {
			isa = PBXGroup;
			children = (
			);
			path = view;
			sourceTree = "<group>";
		};
		9A13707F1F7CD432005A3FFC /* Library */ = {
			isa = PBXGroup;
			children = (
			);
			path = Library;
			sourceTree = "<group>";
		};
		D7464A7CD4174528DE65D434 /* Pods */ = {
			isa = PBXGroup;
			children = (
				A18E02F56EE9B1557E02F729 /* Pods-Needer.debug.xcconfig */,
				586E86FA3C949BA1E9D0D6C7 /* Pods-Needer.release.xcconfig */,
			);
			name = Pods;
			sourceTree = "<group>";
		};
		EE8D8C5A2690C8BE6753D234 /* Frameworks */ = {
			isa = PBXGroup;
			children = (
				A231F7F8F86C4403213313DE /* libPods-Needer.a */,
			);
			name = Frameworks;
			sourceTree = "<group>";
		};
/* End PBXGroup section */

/* Begin PBXNativeTarget section */
		9A1370451F7CD11F005A3FFC /* Needer */ = {
			isa = PBXNativeTarget;
			buildConfigurationList = 9A13705C1F7CD11F005A3FFC /* Build configuration list for PBXNativeTarget "Needer" */;
			buildPhases = (
				BBFCFF80990E744EC63D3008 /* [CP] Check Pods Manifest.lock */,
				9A1370421F7CD11F005A3FFC /* Sources */,
				9A1370431F7CD11F005A3FFC /* Frameworks */,
				9A1370441F7CD11F005A3FFC /* Resources */,
				BFC53958CF2F1CA151AD8E42 /* [CP] Embed Pods Frameworks */,
				5EDCB11802BD146168F73684 /* [CP] Copy Pods Resources */,
			);
			buildRules = (
			);
			dependencies = (
			);
			name = Needer;
			productName = Needer;
			productReference = 9A1370461F7CD11F005A3FFC /* Needer.app */;
			productType = "com.apple.product-type.application";
		};
/* End PBXNativeTarget section */

/* Begin PBXProject section */
		9A13703E1F7CD11F005A3FFC /* Project object */ = {
			isa = PBXProject;
			attributes = {
				LastUpgradeCheck = 0900;
				ORGANIZATIONNAME = needer;
				TargetAttributes = {
					9A1370451F7CD11F005A3FFC = {
						CreatedOnToolsVersion = 9.0;
						ProvisioningStyle = Automatic;
					};
				};
			};
			buildConfigurationList = 9A1370411F7CD11F005A3FFC /* Build configuration list for PBXProject "Needer" */;
			compatibilityVersion = "Xcode 8.0";
			developmentRegion = en;
			hasScannedForEncodings = 0;
			knownRegions = (
				en,
				Base,
			);
			mainGroup = 9A13703D1F7CD11F005A3FFC;
			productRefGroup = 9A1370471F7CD11F005A3FFC /* Products */;
			projectDirPath = "";
			projectRoot = "";
			targets = (
				9A1370451F7CD11F005A3FFC /* Needer */,
			);
		};
/* End PBXProject section */

/* Begin PBXResourcesBuildPhase section */
		9A1370441F7CD11F005A3FFC /* Resources */ = {
			isa = PBXResourcesBuildPhase;
			buildActionMask = 2147483647;
			files = (
				9A1370561F7CD11F005A3FFC /* LaunchScreen.storyboard in Resources */,
				9A0FE0D51F7E4A8B0003D16C /* startViewController.xib in Resources */,
				9A1370531F7CD11F005A3FFC /* Assets.xcassets in Resources */,
				9A1370511F7CD11F005A3FFC /* Main.storyboard in Resources */,
			);
			runOnlyForDeploymentPostprocessing = 0;
		};
/* End PBXResourcesBuildPhase section */

/* Begin PBXShellScriptBuildPhase section */
		5EDCB11802BD146168F73684 /* [CP] Copy Pods Resources */ = {
			isa = PBXShellScriptBuildPhase;
			buildActionMask = 2147483647;
			files = (
			);
			inputPaths = (
			);
			name = "[CP] Copy Pods Resources";
			outputPaths = (
			);
			runOnlyForDeploymentPostprocessing = 0;
			shellPath = /bin/sh;
			shellScript = "\"${SRCROOT}/Pods/Target Support Files/Pods-Needer/Pods-Needer-resources.sh\"\n";
			showEnvVarsInLog = 0;
		};
		BBFCFF80990E744EC63D3008 /* [CP] Check Pods Manifest.lock */ = {
			isa = PBXShellScriptBuildPhase;
			buildActionMask = 2147483647;
			files = (
			);
			inputPaths = (
			);
			name = "[CP] Check Pods Manifest.lock";
			outputPaths = (
			);
			runOnlyForDeploymentPostprocessing = 0;
			shellPath = /bin/sh;
			shellScript = "diff \"${PODS_PODFILE_DIR_PATH}/Podfile.lock\" \"${PODS_ROOT}/Manifest.lock\" > /dev/null\nif [ $? != 0 ] ; then\n    # print error to STDERR\n    echo \"error: The sandbox is not in sync with the Podfile.lock. Run 'pod install' or update your CocoaPods installation.\" >&2\n    exit 1\nfi\n";
			showEnvVarsInLog = 0;
		};
		BFC53958CF2F1CA151AD8E42 /* [CP] Embed Pods Frameworks */ = {
			isa = PBXShellScriptBuildPhase;
			buildActionMask = 2147483647;
			files = (
			);
			inputPaths = (
			);
			name = "[CP] Embed Pods Frameworks";
			outputPaths = (
			);
			runOnlyForDeploymentPostprocessing = 0;
			shellPath = /bin/sh;
			shellScript = "\"${SRCROOT}/Pods/Target Support Files/Pods-Needer/Pods-Needer-frameworks.sh\"\n";
			showEnvVarsInLog = 0;
		};
/* End PBXShellScriptBuildPhase section */

/* Begin PBXSourcesBuildPhase section */
		9A1370421F7CD11F005A3FFC /* Sources */ = {
			isa = PBXSourcesBuildPhase;
			buildActionMask = 2147483647;
			files = (
				9AF81D361F7D2CD4000CB5F3 /* RootTabbarController.m in Sources */,
				9AF81D451F7D3190000CB5F3 /* IMBaseViewController.m in Sources */,
				9AF81D3F1F7D2FCE000CB5F3 /* mineViewController.m in Sources */,
				9A0FE0DC1F7E4B670003D16C /* accountModel.m in Sources */,
				9A0FE0D41F7E4A8B0003D16C /* startViewController.m in Sources */,
				9A1370591F7CD11F005A3FFC /* main.m in Sources */,
				9AF81D3C1F7D2FA5000CB5F3 /* mineBeastViewController.m in Sources */,
				9AF81D4E1F7D46E9000CB5F3 /* findBaseViewController.m in Sources */,
				9AF81D571F7D4786000CB5F3 /* circleViewController.m in Sources */,
				9AF81D391F7D2CF1000CB5F3 /* RootNavigationController.m in Sources */,
				9AF81D4B1F7D46C2000CB5F3 /* IMViewController.m in Sources */,
				9AF81D481F7D46AB000CB5F3 /* mainViewController.m in Sources */,
				9AF81D511F7D470C000CB5F3 /* findViewController.m in Sources */,
				9A13704B1F7CD11F005A3FFC /* AppDelegate.m in Sources */,
				9AF81D421F7D2FF3000CB5F3 /* mainBaseViewController.m in Sources */,
				9AF81D541F7D473C000CB5F3 /* circleBaseViewController.m in Sources */,
				9A0FE0D01F7E46CA0003D16C /* rootControllerSelectTools.m in Sources */,
				9A0FE0D81F7E4B040003D16C /* AccountManager.m in Sources */,
			);
			runOnlyForDeploymentPostprocessing = 0;
		};
/* End PBXSourcesBuildPhase section */

/* Begin PBXVariantGroup section */
		9A13704F1F7CD11F005A3FFC /* Main.storyboard */ = {
			isa = PBXVariantGroup;
			children = (
				9A1370501F7CD11F005A3FFC /* Base */,
			);
			name = Main.storyboard;
			sourceTree = "<group>";
		};
		9A1370541F7CD11F005A3FFC /* LaunchScreen.storyboard */ = {
			isa = PBXVariantGroup;
			children = (
				9A1370551F7CD11F005A3FFC /* Base */,
			);
			name = LaunchScreen.storyboard;
			sourceTree = "<group>";
		};
/* End PBXVariantGroup section */

/* Begin XCBuildConfiguration section */
		9A13705A1F7CD11F005A3FFC /* Debug */ = {
			isa = XCBuildConfiguration;
			buildSettings = {
				ALWAYS_SEARCH_USER_PATHS = NO;
				CLANG_ANALYZER_NONNULL = YES;
				CLANG_ANALYZER_NUMBER_OBJECT_CONVERSION = YES_AGGRESSIVE;
				CLANG_CXX_LANGUAGE_STANDARD = "gnu++14";
				CLANG_CXX_LIBRARY = "libc++";
				CLANG_ENABLE_MODULES = YES;
				CLANG_ENABLE_OBJC_ARC = YES;
				CLANG_WARN_BLOCK_CAPTURE_AUTORELEASING = YES;
				CLANG_WARN_BOOL_CONVERSION = YES;
				CLANG_WARN_COMMA = YES;
				CLANG_WARN_CONSTANT_CONVERSION = YES;
				CLANG_WARN_DIRECT_OBJC_ISA_USAGE = YES_ERROR;
				CLANG_WARN_DOCUMENTATION_COMMENTS = YES;
				CLANG_WARN_EMPTY_BODY = YES;
				CLANG_WARN_ENUM_CONVERSION = YES;
				CLANG_WARN_INFINITE_RECURSION = YES;
				CLANG_WARN_INT_CONVERSION = YES;
				CLANG_WARN_NON_LITERAL_NULL_CONVERSION = YES;
				CLANG_WARN_OBJC_LITERAL_CONVERSION = YES;
				CLANG_WARN_OBJC_ROOT_CLASS = YES_ERROR;
				CLANG_WARN_RANGE_LOOP_ANALYSIS = YES;
				CLANG_WARN_STRICT_PROTOTYPES = YES;
				CLANG_WARN_SUSPICIOUS_MOVE = YES;
				CLANG_WARN_UNGUARDED_AVAILABILITY = YES_AGGRESSIVE;
				CLANG_WARN_UNREACHABLE_CODE = YES;
				CLANG_WARN__DUPLICATE_METHOD_MATCH = YES;
				CODE_SIGN_IDENTITY = "iPhone Developer";
				COPY_PHASE_STRIP = NO;
				DEBUG_INFORMATION_FORMAT = dwarf;
				ENABLE_STRICT_OBJC_MSGSEND = YES;
				ENABLE_TESTABILITY = YES;
				GCC_C_LANGUAGE_STANDARD = gnu11;
				GCC_DYNAMIC_NO_PIC = NO;
				GCC_NO_COMMON_BLOCKS = YES;
				GCC_OPTIMIZATION_LEVEL = 0;
				GCC_PREPROCESSOR_DEFINITIONS = (
					"DEBUG=1",
					"$(inherited)",
				);
				GCC_WARN_64_TO_32_BIT_CONVERSION = YES;
				GCC_WARN_ABOUT_RETURN_TYPE = YES_ERROR;
				GCC_WARN_UNDECLARED_SELECTOR = YES;
				GCC_WARN_UNINITIALIZED_AUTOS = YES_AGGRESSIVE;
				GCC_WARN_UNUSED_FUNCTION = YES;
				GCC_WARN_UNUSED_VARIABLE = YES;
				IPHONEOS_DEPLOYMENT_TARGET = 11.0;
				MTL_ENABLE_DEBUG_INFO = YES;
				ONLY_ACTIVE_ARCH = YES;
				SDKROOT = iphoneos;
			};
			name = Debug;
		};
		9A13705B1F7CD11F005A3FFC /* Release */ = {
			isa = XCBuildConfiguration;
			buildSettings = {
				ALWAYS_SEARCH_USER_PATHS = NO;
				CLANG_ANALYZER_NONNULL = YES;
				CLANG_ANALYZER_NUMBER_OBJECT_CONVERSION = YES_AGGRESSIVE;
				CLANG_CXX_LANGUAGE_STANDARD = "gnu++14";
				CLANG_CXX_LIBRARY = "libc++";
				CLANG_ENABLE_MODULES = YES;
				CLANG_ENABLE_OBJC_ARC = YES;
				CLANG_WARN_BLOCK_CAPTURE_AUTORELEASING = YES;
				CLANG_WARN_BOOL_CONVERSION = YES;
				CLANG_WARN_COMMA = YES;
				CLANG_WARN_CONSTANT_CONVERSION = YES;
				CLANG_WARN_DIRECT_OBJC_ISA_USAGE = YES_ERROR;
				CLANG_WARN_DOCUMENTATION_COMMENTS = YES;
				CLANG_WARN_EMPTY_BODY = YES;
				CLANG_WARN_ENUM_CONVERSION = YES;
				CLANG_WARN_INFINITE_RECURSION = YES;
				CLANG_WARN_INT_CONVERSION = YES;
				CLANG_WARN_NON_LITERAL_NULL_CONVERSION = YES;
				CLANG_WARN_OBJC_LITERAL_CONVERSION = YES;
				CLANG_WARN_OBJC_ROOT_CLASS = YES_ERROR;
				CLANG_WARN_RANGE_LOOP_ANALYSIS = YES;
				CLANG_WARN_STRICT_PROTOTYPES = YES;
				CLANG_WARN_SUSPICIOUS_MOVE = YES;
				CLANG_WARN_UNGUARDED_AVAILABILITY = YES_AGGRESSIVE;
				CLANG_WARN_UNREACHABLE_CODE = YES;
				CLANG_WARN__DUPLICATE_METHOD_MATCH = YES;
				CODE_SIGN_IDENTITY = "iPhone Developer";
				COPY_PHASE_STRIP = NO;
				DEBUG_INFORMATION_FORMAT = "dwarf-with-dsym";
				ENABLE_NS_ASSERTIONS = NO;
				ENABLE_STRICT_OBJC_MSGSEND = YES;
				GCC_C_LANGUAGE_STANDARD = gnu11;
				GCC_NO_COMMON_BLOCKS = YES;
				GCC_WARN_64_TO_32_BIT_CONVERSION = YES;
				GCC_WARN_ABOUT_RETURN_TYPE = YES_ERROR;
				GCC_WARN_UNDECLARED_SELECTOR = YES;
				GCC_WARN_UNINITIALIZED_AUTOS = YES_AGGRESSIVE;
				GCC_WARN_UNUSED_FUNCTION = YES;
				GCC_WARN_UNUSED_VARIABLE = YES;
				IPHONEOS_DEPLOYMENT_TARGET = 11.0;
				MTL_ENABLE_DEBUG_INFO = NO;
				SDKROOT = iphoneos;
				VALIDATE_PRODUCT = YES;
			};
			name = Release;
		};
		9A13705D1F7CD11F005A3FFC /* Debug */ = {
			isa = XCBuildConfiguration;
			baseConfigurationReference = A18E02F56EE9B1557E02F729 /* Pods-Needer.debug.xcconfig */;
			buildSettings = {
				ASSETCATALOG_COMPILER_APPICON_NAME = AppIcon;
				CODE_SIGN_STYLE = Automatic;
				DEVELOPMENT_TEAM = YV66YG42MQ;
				GCC_PREFIX_HEADER = /Users/qianbosheng/Desktop/Needer/Needer/Other/Constant/Constant.h;
				INFOPLIST_FILE = Needer/Info.plist;
				LD_RUNPATH_SEARCH_PATHS = "$(inherited) @executable_path/Frameworks";
				PRODUCT_BUNDLE_IDENTIFIER = cn.needer.Needer;
				PRODUCT_NAME = "$(TARGET_NAME)";
				TARGETED_DEVICE_FAMILY = 1;
			};
			name = Debug;
		};
		9A13705E1F7CD11F005A3FFC /* Release */ = {
			isa = XCBuildConfiguration;
			baseConfigurationReference = 586E86FA3C949BA1E9D0D6C7 /* Pods-Needer.release.xcconfig */;
			buildSettings = {
				ASSETCATALOG_COMPILER_APPICON_NAME = AppIcon;
				CODE_SIGN_STYLE = Automatic;
				DEVELOPMENT_TEAM = YV66YG42MQ;
				GCC_PREFIX_HEADER = /Users/qianbosheng/Desktop/Needer/Needer/Other/Constant/Constant.h;
				INFOPLIST_FILE = Needer/Info.plist;
				LD_RUNPATH_SEARCH_PATHS = "$(inherited) @executable_path/Frameworks";
				PRODUCT_BUNDLE_IDENTIFIER = cn.needer.Needer;
				PRODUCT_NAME = "$(TARGET_NAME)";
				TARGETED_DEVICE_FAMILY = 1;
			};
			name = Release;
		};
/* End XCBuildConfiguration section */

/* Begin XCConfigurationList section */
		9A1370411F7CD11F005A3FFC /* Build configuration list for PBXProject "Needer" */ = {
			isa = XCConfigurationList;
			buildConfigurations = (
				9A13705A1F7CD11F005A3FFC /* Debug */,
				9A13705B1F7CD11F005A3FFC /* Release */,
			);
			defaultConfigurationIsVisible = 0;
			defaultConfigurationName = Release;
		};
		9A13705C1F7CD11F005A3FFC /* Build configuration list for PBXNativeTarget "Needer" */ = {
			isa = XCConfigurationList;
			buildConfigurations = (
				9A13705D1F7CD11F005A3FFC /* Debug */,
				9A13705E1F7CD11F005A3FFC /* Release */,
			);
			defaultConfigurationIsVisible = 0;
			defaultConfigurationName = Release;
		};
/* End XCConfigurationList section */
	};
	rootObject = 9A13703E1F7CD11F005A3FFC /* Project object */;
}
